
Microsoft Visual Studio Solution File, Format Version 12.00
# Visual Studio 14
VisualStudioVersion = 14.0.24720.0
MinimumVisualStudioVersion = 10.0.40219.1
Project("{FAE04EC0-301F-11D3-BF4B-00C04F79EFBC}") = "SelfHostedSignalR", "SelfHostedSignalR\SelfHostedSignalR.csproj", "{50F7F8BF-89F7-4AD6-BA43-D416AF7913FA}"
EndProject
Project("{FAE04EC0-301F-11D3-BF4B-00C04F79EFBC}") = "SignalRClient", "SignalRClient\SignalRClient.csproj", "{75F253C8-7234-4AD4-8EF1-F0435CDEB4DB}"
EndProject
Global
	GlobalSection(SolutionConfigurationPlatforms) = preSolution
		Debug|Any CPU = Debug|Any CPU
		Release|Any CPU = Release|Any CPU
	EndGlobalSection
	GlobalSection(ProjectConfigurationPlatforms) = postSolution
		{50F7F8BF-89F7-4AD6-BA43-D416AF7913FA}.Debug|Any CPU.ActiveCfg = Debug|Any CPU
		{50F7F8BF-89F7-4AD6-BA43-D416AF7913FA}.Debug|Any CPU.Build.0 = Debug|Any CPU
		{50F7F8BF-89F7-4AD6-BA43-D416AF7913FA}.Release|Any CPU.ActiveCfg = Release|Any CPU
		{50F7F8BF-89F7-4AD6-BA43-D416AF7913FA}.Release|Any CPU.Build.0 = Release|Any CPU
		{75F253C8-7234-4AD4-8EF1-F0435CDEB4DB}.Debug|Any CPU.ActiveCfg = Debug|Any CPU
		{75F253C8-7234-4AD4-8EF1-F0435CDEB4DB}.Debug|Any CPU.Build.0 = Debug|Any CPU
		{75F253C8-7234-4AD4-8EF1-F0435CDEB4DB}.Release|Any CPU.ActiveCfg = Release|Any CPU
		{75F253C8-7234-4AD4-8EF1-F0435CDEB4DB}.Release|Any CPU.Build.0 = Release|Any CPU
	EndGlobalSection
	GlobalSection(SolutionProperties) = preSolution
		HideSolutionNode = FALSE
	EndGlobalSection
EndGlobal
